
Microsoft Visual Studio Solution File, Format Version 12.00
Project("{FAE04EC0-301F-11D3-BF4B-00C04F79EFBC}") = "Api", "Api\Api.csproj", "{9B437BBF-D28B-43AA-B523-ABA884B205FF}"
EndProject
Project("{FAE04EC0-301F-11D3-BF4B-00C04F79EFBC}") = "Api.Tests", "Api.Tests\Api.Tests.csproj", "{B9A90965-71E5-49AA-BBC3-EF16362700B7}"
EndProject
Project("{F2A71F9B-5D33-465A-A702-920D77279786}") = "Models", "Models\Models.fsproj", "{8313B3D4-DCCC-4741-8F40-F1BC07CAFCE7}"
EndProject
Project("{F2A71F9B-5D33-465A-A702-920D77279786}") = "Site", "Site\Site.fsproj", "{99A0B599-7270-4A56-ACC2-9EFA2AD09BDD}"
EndProject
Global
	GlobalSection(SolutionConfigurationPlatforms) = preSolution
		Debug|Any CPU = Debug|Any CPU
		Release|Any CPU = Release|Any CPU
	EndGlobalSection
	GlobalSection(ProjectConfigurationPlatforms) = postSolution
		{9B437BBF-D28B-43AA-B523-ABA884B205FF}.Debug|Any CPU.ActiveCfg = Debug|Any CPU
		{9B437BBF-D28B-43AA-B523-ABA884B205FF}.Debug|Any CPU.Build.0 = Debug|Any CPU
		{9B437BBF-D28B-43AA-B523-ABA884B205FF}.Release|Any CPU.ActiveCfg = Release|Any CPU
		{9B437BBF-D28B-43AA-B523-ABA884B205FF}.Release|Any CPU.Build.0 = Release|Any CPU
		{B9A90965-71E5-49AA-BBC3-EF16362700B7}.Debug|Any CPU.ActiveCfg = Debug|Any CPU
		{B9A90965-71E5-49AA-BBC3-EF16362700B7}.Debug|Any CPU.Build.0 = Debug|Any CPU
		{B9A90965-71E5-49AA-BBC3-EF16362700B7}.Release|Any CPU.ActiveCfg = Release|Any CPU
		{B9A90965-71E5-49AA-BBC3-EF16362700B7}.Release|Any CPU.Build.0 = Release|Any CPU
		{6C8FD6FD-A411-41AF-BA26-EBC487612608}.Debug|Any CPU.ActiveCfg = Debug|Any CPU
		{6C8FD6FD-A411-41AF-BA26-EBC487612608}.Debug|Any CPU.Build.0 = Debug|Any CPU
		{6C8FD6FD-A411-41AF-BA26-EBC487612608}.Release|Any CPU.ActiveCfg = Release|Any CPU
		{6C8FD6FD-A411-41AF-BA26-EBC487612608}.Release|Any CPU.Build.0 = Release|Any CPU
		{8313B3D4-DCCC-4741-8F40-F1BC07CAFCE7}.Debug|Any CPU.ActiveCfg = Debug|Any CPU
		{8313B3D4-DCCC-4741-8F40-F1BC07CAFCE7}.Debug|Any CPU.Build.0 = Debug|Any CPU
		{8313B3D4-DCCC-4741-8F40-F1BC07CAFCE7}.Release|Any CPU.ActiveCfg = Release|Any CPU
		{8313B3D4-DCCC-4741-8F40-F1BC07CAFCE7}.Release|Any CPU.Build.0 = Release|Any CPU
		{99A0B599-7270-4A56-ACC2-9EFA2AD09BDD}.Debug|Any CPU.ActiveCfg = Debug|Any CPU
		{99A0B599-7270-4A56-ACC2-9EFA2AD09BDD}.Debug|Any CPU.Build.0 = Debug|Any CPU
		{99A0B599-7270-4A56-ACC2-9EFA2AD09BDD}.Release|Any CPU.ActiveCfg = Release|Any CPU
		{99A0B599-7270-4A56-ACC2-9EFA2AD09BDD}.Release|Any CPU.Build.0 = Release|Any CPU
	EndGlobalSection
EndGlobal
